
Microsoft Visual Studio Solution File, Format Version 12.00
# Visual Studio 15
VisualStudioVersion = 15.0.27130.2010
MinimumVisualStudioVersion = 10.0.40219.1
Project("{2150E333-8FDC-42A3-9474-1A3956D46DE8}") = "Solution Items", "Solution Items", "{70DC966B-5903-4772-B76A-F6AFFEE1E018}"
	ProjectSection(SolutionItems) = preProject
		gpl-3_0.txt = gpl-3_0.txt
		History.md = History.md
		lgpl-3_0.txt = lgpl-3_0.txt
		readme.md = readme.md
	EndProjectSection
EndProject
Project("{FAE04EC0-301F-11D3-BF4B-00C04F79EFBC}") = "Diagnostic", "src\Diagnostic\Diagnostic.csproj", "{202129AF-4956-444B-A0B8-0BF7D018696A}"
EndProject
Project("{FAE04EC0-301F-11D3-BF4B-00C04F79EFBC}") = "Diagnostic.UnitTests.Nunit", "test\Diagnostic.UnitTests\Diagnostic.UnitTests.Nunit.csproj", "{C43B1424-E516-430E-A51B-3D678B2B7FF1}"
EndProject
Project("{FAE04EC0-301F-11D3-BF4B-00C04F79EFBC}") = "Diagnostic.Lab", "samples\Diagnostic.Lab\Diagnostic.Lab.csproj", "{2478FA64-0D5B-4465-842B-82888AD45FD6}"
EndProject
Project("{930C7802-8A8C-48F9-8165-68863BCCD9DD}") = "Diagnostic.Setup", "src\Diagnostic.Setup\Diagnostic.Setup.wixproj", "{DF186A5F-434C-4CDF-A8C1-69446BC8642C}"
EndProject
Project("{2150E333-8FDC-42A3-9474-1A3956D46DE8}") = "SonarQube", "SonarQube", "{2B86F97A-1C5B-4D18-9191-7FB0B7EDA642}"
	ProjectSection(SolutionItems) = preProject
		SonarQube\Abc.Diagnostics_DEVCSharp.ruleset = SonarQube\Abc.Diagnostics_DEVCSharp.ruleset
		SonarQube\SolutionBinding.sqconfig = SonarQube\SolutionBinding.sqconfig
	EndProjectSection
EndProject
Project("{FAE04EC0-301F-11D3-BF4B-00C04F79EFBC}") = "Abc.Diagnostics.35", "src\Diagnostic\Abc.Diagnostics.35.csproj", "{9258CEC4-ADB4-40DD-B70C-4966B9470889}"
EndProject
Project("{E09DD79A-4488-4AB9-8D3F-A7EEE78BF432}") = "Diagnostic.v10.NuGet", "src\Diagnostic.v10.NuGet\Diagnostic.v10.NuGet.nuproj", "{2FBD2BDA-3AAA-4FA3-8F4E-F07E439C0C1C}"
EndProject
Project("{9A19103F-16F7-4668-BE54-9A1E7A4F7556}") = "Abc.Diagnostics", "src\Abc.Diagnostics\Abc.Diagnostics.csproj", "{88D0DA70-19D8-42E2-BB2A-F3F40C40B830}"
EndProject
Global
	GlobalSection(SolutionConfigurationPlatforms) = preSolution
		Debug|Any CPU = Debug|Any CPU
		Release|Any CPU = Release|Any CPU
	EndGlobalSection
	GlobalSection(ProjectConfigurationPlatforms) = postSolution
		{202129AF-4956-444B-A0B8-0BF7D018696A}.Debug|Any CPU.ActiveCfg = Debug|Any CPU
		{202129AF-4956-444B-A0B8-0BF7D018696A}.Debug|Any CPU.Build.0 = Debug|Any CPU
		{202129AF-4956-444B-A0B8-0BF7D018696A}.Release|Any CPU.ActiveCfg = Release|Any CPU
		{202129AF-4956-444B-A0B8-0BF7D018696A}.Release|Any CPU.Build.0 = Release|Any CPU
		{C43B1424-E516-430E-A51B-3D678B2B7FF1}.Debug|Any CPU.ActiveCfg = Debug|Any CPU
		{C43B1424-E516-430E-A51B-3D678B2B7FF1}.Debug|Any CPU.Build.0 = Debug|Any CPU
		{C43B1424-E516-430E-A51B-3D678B2B7FF1}.Release|Any CPU.ActiveCfg = Release|Any CPU
		{C43B1424-E516-430E-A51B-3D678B2B7FF1}.Release|Any CPU.Build.0 = Release|Any CPU
		{2478FA64-0D5B-4465-842B-82888AD45FD6}.Debug|Any CPU.ActiveCfg = Debug|Any CPU
		{2478FA64-0D5B-4465-842B-82888AD45FD6}.Debug|Any CPU.Build.0 = Debug|Any CPU
		{2478FA64-0D5B-4465-842B-82888AD45FD6}.Release|Any CPU.ActiveCfg = Release|Any CPU
		{2478FA64-0D5B-4465-842B-82888AD45FD6}.Release|Any CPU.Build.0 = Release|Any CPU
		{DF186A5F-434C-4CDF-A8C1-69446BC8642C}.Debug|Any CPU.ActiveCfg = Debug|x86
		{DF186A5F-434C-4CDF-A8C1-69446BC8642C}.Release|Any CPU.ActiveCfg = Release|x86
		{9258CEC4-ADB4-40DD-B70C-4966B9470889}.Debug|Any CPU.ActiveCfg = Debug|Any CPU
		{9258CEC4-ADB4-40DD-B70C-4966B9470889}.Debug|Any CPU.Build.0 = Debug|Any CPU
		{9258CEC4-ADB4-40DD-B70C-4966B9470889}.Release|Any CPU.ActiveCfg = Release|Any CPU
		{9258CEC4-ADB4-40DD-B70C-4966B9470889}.Release|Any CPU.Build.0 = Release|Any CPU
		{2FBD2BDA-3AAA-4FA3-8F4E-F07E439C0C1C}.Debug|Any CPU.ActiveCfg = Debug|Any CPU
		{2FBD2BDA-3AAA-4FA3-8F4E-F07E439C0C1C}.Debug|Any CPU.Build.0 = Debug|Any CPU
		{2FBD2BDA-3AAA-4FA3-8F4E-F07E439C0C1C}.Release|Any CPU.ActiveCfg = Release|Any CPU
		{2FBD2BDA-3AAA-4FA3-8F4E-F07E439C0C1C}.Release|Any CPU.Build.0 = Release|Any CPU
		{88D0DA70-19D8-42E2-BB2A-F3F40C40B830}.Debug|Any CPU.ActiveCfg = Debug|Any CPU
		{88D0DA70-19D8-42E2-BB2A-F3F40C40B830}.Debug|Any CPU.Build.0 = Debug|Any CPU
		{88D0DA70-19D8-42E2-BB2A-F3F40C40B830}.Release|Any CPU.ActiveCfg = Release|Any CPU
		{88D0DA70-19D8-42E2-BB2A-F3F40C40B830}.Release|Any CPU.Build.0 = Release|Any CPU
	EndGlobalSection
	GlobalSection(SolutionProperties) = preSolution
		HideSolutionNode = FALSE
	EndGlobalSection
	GlobalSection(ExtensibilityGlobals) = postSolution
		SolutionGuid = {2BDC0E14-FD7B-4164-9A2D-B58C80455D16}
	EndGlobalSection
	GlobalSection(TestCaseManagementSettings) = postSolution
		CategoryFile = Diagnostic.vsmdi
	EndGlobalSection
EndGlobal
