
Microsoft Visual Studio Solution File, Format Version 11.00
# Visual Studio 2010
Project("{FAE04EC0-301F-11D3-BF4B-00C04F79EFBC}") = "WcfService", "WcfService\WcfService.csproj", "{BC596B12-A05E-4180-A826-05256B4CCB29}"
EndProject
Project("{FAE04EC0-301F-11D3-BF4B-00C04F79EFBC}") = "WcfClient", "WcfClient\WcfClient.csproj", "{0961E073-8EB6-44F3-AA13-AF3CD0702E6D}"
	ProjectSection(ProjectDependencies) = postProject
		{BC596B12-A05E-4180-A826-05256B4CCB29} = {BC596B12-A05E-4180-A826-05256B4CCB29}
	EndProjectSection
EndProject
Global
	GlobalSection(TeamFoundationVersionControl) = preSolution
		SccNumberOfProjects = 3
		SccEnterpriseProvider = {4CA58AB2-18FA-4F8D-95D4-32DDF27D184C}
		SccTeamFoundationServer = http://tfs:8080/tfs/defaultcollection
		SccLocalPath0 = .
		SccProjectUniqueName1 = WcfService\\WcfService.csproj
		SccProjectName1 = WcfService
		SccLocalPath1 = WcfService
		SccProjectUniqueName2 = WcfClient\\WcfClient.csproj
		SccProjectName2 = WcfClient
		SccLocalPath2 = WcfClient
	EndGlobalSection
	GlobalSection(SolutionConfigurationPlatforms) = preSolution
		Debug|Any CPU = Debug|Any CPU
		Release|Any CPU = Release|Any CPU
	EndGlobalSection
	GlobalSection(ProjectConfigurationPlatforms) = postSolution
		{BC596B12-A05E-4180-A826-05256B4CCB29}.Debug|Any CPU.ActiveCfg = Debug|Any CPU
		{BC596B12-A05E-4180-A826-05256B4CCB29}.Debug|Any CPU.Build.0 = Debug|Any CPU
		{BC596B12-A05E-4180-A826-05256B4CCB29}.Release|Any CPU.ActiveCfg = Release|Any CPU
		{BC596B12-A05E-4180-A826-05256B4CCB29}.Release|Any CPU.Build.0 = Release|Any CPU
		{0961E073-8EB6-44F3-AA13-AF3CD0702E6D}.Debug|Any CPU.ActiveCfg = Debug|Any CPU
		{0961E073-8EB6-44F3-AA13-AF3CD0702E6D}.Debug|Any CPU.Build.0 = Debug|Any CPU
		{0961E073-8EB6-44F3-AA13-AF3CD0702E6D}.Release|Any CPU.ActiveCfg = Release|Any CPU
		{0961E073-8EB6-44F3-AA13-AF3CD0702E6D}.Release|Any CPU.Build.0 = Release|Any CPU
	EndGlobalSection
	GlobalSection(SolutionProperties) = preSolution
		HideSolutionNode = FALSE
	EndGlobalSection
EndGlobal
